
Microsoft Visual Studio Solution File, Format Version 12.00
# Visual Studio 15
VisualStudioVersion = 15.0.28010.2019
MinimumVisualStudioVersion = 10.0.40219.1
Project("{2150E333-8FDC-42A3-9474-1A3956D46DE8}") = "Model", "Model", "{2646645A-550D-4C5F-A809-E36273122E68}"
EndProject
Project("{2150E333-8FDC-42A3-9474-1A3956D46DE8}") = "Service", "Service", "{0F9853BC-81B6-448A-AAD8-F3A0F2FAB2CF}"
EndProject
Project("{2150E333-8FDC-42A3-9474-1A3956D46DE8}") = "Tests", "Tests", "{97396458-150A-4DDD-8D1C-DC59C3ACF881}"
EndProject
Project("{9A19103F-16F7-4668-BE54-9A1E7A4F7556}") = "Work.Abst", "..\src\Server\Model\Work.Abst\Work.Abst.csproj", "{4D2AAE91-D526-4AB8-83AC-690F5595C859}"
EndProject
Project("{9A19103F-16F7-4668-BE54-9A1E7A4F7556}") = "Work", "..\src\Server\Model\Work\Work.csproj", "{8A08C11D-3C26-4C89-964A-0AD6658B6E60}"
EndProject
Project("{9A19103F-16F7-4668-BE54-9A1E7A4F7556}") = "Work.DAL.Interop", "..\src\Server\Work.DAL.Interop\Work.DAL.Interop.csproj", "{440180C0-29DE-4AB5-96B6-F0AB2C96FC1C}"
EndProject
Project("{9A19103F-16F7-4668-BE54-9A1E7A4F7556}") = "Work.DAL", "..\src\Server\Work.DAL\Work.DAL.csproj", "{A5E3A7F8-7C1E-476F-99E1-A4B853AFDC52}"
EndProject
Project("{9A19103F-16F7-4668-BE54-9A1E7A4F7556}") = "Work.DAL.Tests", "..\tests\Work.DAL.Tests\Work.DAL.Tests.csproj", "{328AC6B6-292D-46BC-899E-0A4EEF99C3A5}"
EndProject
Global
	GlobalSection(SolutionConfigurationPlatforms) = preSolution
		Debug|Any CPU = Debug|Any CPU
		Release|Any CPU = Release|Any CPU
	EndGlobalSection
	GlobalSection(ProjectConfigurationPlatforms) = postSolution
		{4D2AAE91-D526-4AB8-83AC-690F5595C859}.Debug|Any CPU.ActiveCfg = Debug|Any CPU
		{4D2AAE91-D526-4AB8-83AC-690F5595C859}.Debug|Any CPU.Build.0 = Debug|Any CPU
		{4D2AAE91-D526-4AB8-83AC-690F5595C859}.Release|Any CPU.ActiveCfg = Release|Any CPU
		{4D2AAE91-D526-4AB8-83AC-690F5595C859}.Release|Any CPU.Build.0 = Release|Any CPU
		{8A08C11D-3C26-4C89-964A-0AD6658B6E60}.Debug|Any CPU.ActiveCfg = Debug|Any CPU
		{8A08C11D-3C26-4C89-964A-0AD6658B6E60}.Debug|Any CPU.Build.0 = Debug|Any CPU
		{8A08C11D-3C26-4C89-964A-0AD6658B6E60}.Release|Any CPU.ActiveCfg = Release|Any CPU
		{8A08C11D-3C26-4C89-964A-0AD6658B6E60}.Release|Any CPU.Build.0 = Release|Any CPU
		{440180C0-29DE-4AB5-96B6-F0AB2C96FC1C}.Debug|Any CPU.ActiveCfg = Debug|Any CPU
		{440180C0-29DE-4AB5-96B6-F0AB2C96FC1C}.Debug|Any CPU.Build.0 = Debug|Any CPU
		{440180C0-29DE-4AB5-96B6-F0AB2C96FC1C}.Release|Any CPU.ActiveCfg = Release|Any CPU
		{440180C0-29DE-4AB5-96B6-F0AB2C96FC1C}.Release|Any CPU.Build.0 = Release|Any CPU
		{A5E3A7F8-7C1E-476F-99E1-A4B853AFDC52}.Debug|Any CPU.ActiveCfg = Debug|Any CPU
		{A5E3A7F8-7C1E-476F-99E1-A4B853AFDC52}.Debug|Any CPU.Build.0 = Debug|Any CPU
		{A5E3A7F8-7C1E-476F-99E1-A4B853AFDC52}.Release|Any CPU.ActiveCfg = Release|Any CPU
		{A5E3A7F8-7C1E-476F-99E1-A4B853AFDC52}.Release|Any CPU.Build.0 = Release|Any CPU
		{328AC6B6-292D-46BC-899E-0A4EEF99C3A5}.Debug|Any CPU.ActiveCfg = Debug|Any CPU
		{328AC6B6-292D-46BC-899E-0A4EEF99C3A5}.Debug|Any CPU.Build.0 = Debug|Any CPU
		{328AC6B6-292D-46BC-899E-0A4EEF99C3A5}.Release|Any CPU.ActiveCfg = Release|Any CPU
		{328AC6B6-292D-46BC-899E-0A4EEF99C3A5}.Release|Any CPU.Build.0 = Release|Any CPU
	EndGlobalSection
	GlobalSection(SolutionProperties) = preSolution
		HideSolutionNode = FALSE
	EndGlobalSection
	GlobalSection(NestedProjects) = preSolution
		{4D2AAE91-D526-4AB8-83AC-690F5595C859} = {2646645A-550D-4C5F-A809-E36273122E68}
		{8A08C11D-3C26-4C89-964A-0AD6658B6E60} = {2646645A-550D-4C5F-A809-E36273122E68}
		{328AC6B6-292D-46BC-899E-0A4EEF99C3A5} = {97396458-150A-4DDD-8D1C-DC59C3ACF881}
	EndGlobalSection
	GlobalSection(ExtensibilityGlobals) = postSolution
		SolutionGuid = {77C4E0A9-8F6C-485C-80C6-8123721783EF}
	EndGlobalSection
EndGlobal
